
Microsoft Visual Studio Solution File, Format Version 12.00
# Visual Studio 14
VisualStudioVersion = 14.0.23107.0
MinimumVisualStudioVersion = 10.0.40219.1
Project("{FAE04EC0-301F-11D3-BF4B-00C04F79EFBC}") = "PSCap", "PSCap\PSCap.csproj", "{76C7513E-F177-4490-8814-F3451BCEEF4C}"
EndProject
Global
	GlobalSection(SolutionConfigurationPlatforms) = preSolution
		Debug|Any CPU = Debug|Any CPU
		Debug-NoGame|Any CPU = Debug-NoGame|Any CPU
		Release|Any CPU = Release|Any CPU
	EndGlobalSection
	GlobalSection(ProjectConfigurationPlatforms) = postSolution
		{76C7513E-F177-4490-8814-F3451BCEEF4C}.Debug|Any CPU.ActiveCfg = Debug|Any CPU
		{76C7513E-F177-4490-8814-F3451BCEEF4C}.Debug|Any CPU.Build.0 = Debug|Any CPU
		{76C7513E-F177-4490-8814-F3451BCEEF4C}.Debug-NoGame|Any CPU.ActiveCfg = Debug-NoGame|Any CPU
		{76C7513E-F177-4490-8814-F3451BCEEF4C}.Debug-NoGame|Any CPU.Build.0 = Debug-NoGame|Any CPU
		{76C7513E-F177-4490-8814-F3451BCEEF4C}.Release|Any CPU.ActiveCfg = Release|Any CPU
		{76C7513E-F177-4490-8814-F3451BCEEF4C}.Release|Any CPU.Build.0 = Release|Any CPU
	EndGlobalSection
	GlobalSection(SolutionProperties) = preSolution
		HideSolutionNode = FALSE
	EndGlobalSection
EndGlobal
